# This file is automatically @generated by Cargo.
# It is not intended for manual editing.
version = 3

[[package]]
name = "advent"
version = "0.1.0"
dependencies = [
 "read_file",
 "undefined",
]

[[package]]
name = "read_file"
version = "0.1.0"

[[package]]
name = "task_1"
version = "0.1.0"
dependencies = [
 "read_file",
]

[[package]]
name = "task_2"
version = "0.1.0"
dependencies = [
 "read_file",
]

[[package]]
name = "task_3"
version = "0.1.0"
dependencies = [
 "read_file",
]

[[package]]
name = "task_4"
version = "0.1.0"
dependencies = [
 "read_file",
]

[[package]]
name = "undefined"
version = "0.1.0"
